
Microsoft Visual Studio Solution File, Format Version 12.00
# Visual Studio Version 17
VisualStudioVersion = 17.14.36203.30
MinimumVisualStudioVersion = 10.0.40219.1
Project("{FAE04EC0-301F-11D3-BF4B-00C04F79EFBC}") = "PensionManagementSystem.Domain", "PensionManagementSystem.Domain\PensionManagementSystem.Domain.csproj", "{5C7E3066-37BE-4887-80D9-D3402A02D49F}"
EndProject
Project("{FAE04EC0-301F-11D3-BF4B-00C04F79EFBC}") = "PensionManagementSystem.Infrastructure", "PensionManagementSystem.Infrastructure\PensionManagementSystem.Infrastructure.csproj", "{C6B616F7-8DB3-4AB5-887B-39D5BFF43638}"
EndProject
Global
	GlobalSection(SolutionConfigurationPlatforms) = preSolution
		Debug|Any CPU = Debug|Any CPU
		Release|Any CPU = Release|Any CPU
	EndGlobalSection
	GlobalSection(ProjectConfigurationPlatforms) = postSolution
		{5C7E3066-37BE-4887-80D9-D3402A02D49F}.Debug|Any CPU.ActiveCfg = Debug|Any CPU
		{5C7E3066-37BE-4887-80D9-D3402A02D49F}.Debug|Any CPU.Build.0 = Debug|Any CPU
		{5C7E3066-37BE-4887-80D9-D3402A02D49F}.Release|Any CPU.ActiveCfg = Release|Any CPU
		{5C7E3066-37BE-4887-80D9-D3402A02D49F}.Release|Any CPU.Build.0 = Release|Any CPU
		{C6B616F7-8DB3-4AB5-887B-39D5BFF43638}.Debug|Any CPU.ActiveCfg = Debug|Any CPU
		{C6B616F7-8DB3-4AB5-887B-39D5BFF43638}.Debug|Any CPU.Build.0 = Debug|Any CPU
		{C6B616F7-8DB3-4AB5-887B-39D5BFF43638}.Release|Any CPU.ActiveCfg = Release|Any CPU
		{C6B616F7-8DB3-4AB5-887B-39D5BFF43638}.Release|Any CPU.Build.0 = Release|Any CPU
	EndGlobalSection
	GlobalSection(SolutionProperties) = preSolution
		HideSolutionNode = FALSE
	EndGlobalSection
	GlobalSection(ExtensibilityGlobals) = postSolution
		SolutionGuid = {94E1F1B7-8E2C-4DD0-A306-0B41473798E7}
	EndGlobalSection
EndGlobal
